
Microsoft Visual Studio Solution File, Format Version 12.00
# Visual Studio Version 16
VisualStudioVersion = 16.0.29911.84
MinimumVisualStudioVersion = 10.0.40219.1
Project("{FAE04EC0-301F-11D3-BF4B-00C04F79EFBC}") = "Solid", "Solid\Solid.csproj", "{62A13125-BE68-499B-8F3E-C7FBB5C6C641}"
EndProject
Global
	GlobalSection(SolutionConfigurationPlatforms) = preSolution
		Debug|Any CPU = Debug|Any CPU
		Release|Any CPU = Release|Any CPU
	EndGlobalSection
	GlobalSection(ProjectConfigurationPlatforms) = postSolution
		{62A13125-BE68-499B-8F3E-C7FBB5C6C641}.Debug|Any CPU.ActiveCfg = Debug|Any CPU
		{62A13125-BE68-499B-8F3E-C7FBB5C6C641}.Debug|Any CPU.Build.0 = Debug|Any CPU
		{62A13125-BE68-499B-8F3E-C7FBB5C6C641}.Release|Any CPU.ActiveCfg = Release|Any CPU
		{62A13125-BE68-499B-8F3E-C7FBB5C6C641}.Release|Any CPU.Build.0 = Release|Any CPU
	EndGlobalSection
	GlobalSection(SolutionProperties) = preSolution
		HideSolutionNode = FALSE
	EndGlobalSection
	GlobalSection(ExtensibilityGlobals) = postSolution
		SolutionGuid = {F462D946-6E8B-4923-B560-30AA3B4806C4}
	EndGlobalSection
EndGlobal
